
Microsoft Visual Studio Solution File, Format Version 12.00
# Visual Studio Version 17
VisualStudioVersion = 17.6.33723.286
MinimumVisualStudioVersion = 10.0.40219.1
Project("{9A19103F-16F7-4668-BE54-9A1E7A4F7556}") = "CalculatorApp", "CalculatorApp\CalculatorApp.csproj", "{4854E356-F0B9-4F3E-B6AE-A5988D3AA726}"
EndProject
Global
	GlobalSection(SolutionConfigurationPlatforms) = preSolution
		Debug|Any CPU = Debug|Any CPU
		Release|Any CPU = Release|Any CPU
	EndGlobalSection
	GlobalSection(ProjectConfigurationPlatforms) = postSolution
		{4854E356-F0B9-4F3E-B6AE-A5988D3AA726}.Debug|Any CPU.ActiveCfg = Debug|Any CPU
		{4854E356-F0B9-4F3E-B6AE-A5988D3AA726}.Debug|Any CPU.Build.0 = Debug|Any CPU
		{4854E356-F0B9-4F3E-B6AE-A5988D3AA726}.Release|Any CPU.ActiveCfg = Release|Any CPU
		{4854E356-F0B9-4F3E-B6AE-A5988D3AA726}.Release|Any CPU.Build.0 = Release|Any CPU
	EndGlobalSection
	GlobalSection(SolutionProperties) = preSolution
		HideSolutionNode = FALSE
	EndGlobalSection
	GlobalSection(ExtensibilityGlobals) = postSolution
		SolutionGuid = {B55A9A5D-96F6-4F97-BEA3-EF90F0F79E72}
	EndGlobalSection
EndGlobal
