
Microsoft Visual Studio Solution File, Format Version 12.00
# Visual Studio Version 17
VisualStudioVersion = 17.6.33723.286
MinimumVisualStudioVersion = 10.0.40219.1
Project("{FAE04EC0-301F-11D3-BF4B-00C04F79EFBC}") = "CRUD", "CRUD\CRUD.csproj", "{29F9A098-73F6-4F68-BFC3-AA3B67B111F9}"
EndProject
Global
	GlobalSection(SolutionConfigurationPlatforms) = preSolution
		Debug|Any CPU = Debug|Any CPU
		Release|Any CPU = Release|Any CPU
	EndGlobalSection
	GlobalSection(ProjectConfigurationPlatforms) = postSolution
		{29F9A098-73F6-4F68-BFC3-AA3B67B111F9}.Debug|Any CPU.ActiveCfg = Debug|Any CPU
		{29F9A098-73F6-4F68-BFC3-AA3B67B111F9}.Debug|Any CPU.Build.0 = Debug|Any CPU
		{29F9A098-73F6-4F68-BFC3-AA3B67B111F9}.Release|Any CPU.ActiveCfg = Release|Any CPU
		{29F9A098-73F6-4F68-BFC3-AA3B67B111F9}.Release|Any CPU.Build.0 = Release|Any CPU
	EndGlobalSection
	GlobalSection(SolutionProperties) = preSolution
		HideSolutionNode = FALSE
	EndGlobalSection
	GlobalSection(ExtensibilityGlobals) = postSolution
		SolutionGuid = {6C902353-F8F3-4157-8153-8189E1A8053A}
	EndGlobalSection
EndGlobal
