
Microsoft Visual Studio Solution File, Format Version 12.00
# Visual Studio Version 17
VisualStudioVersion = 17.6.33723.286
MinimumVisualStudioVersion = 10.0.40219.1
Project("{FAE04EC0-301F-11D3-BF4B-00C04F79EFBC}") = "FilteringData", "FilteringData\FilteringData.csproj", "{EEBA6289-B20A-454A-862D-95A7361CA102}"
EndProject
Global
	GlobalSection(SolutionConfigurationPlatforms) = preSolution
		Debug|Any CPU = Debug|Any CPU
		Debug|x64 = Debug|x64
		Release|Any CPU = Release|Any CPU
		Release|x64 = Release|x64
	EndGlobalSection
	GlobalSection(ProjectConfigurationPlatforms) = postSolution
		{EEBA6289-B20A-454A-862D-95A7361CA102}.Debug|Any CPU.ActiveCfg = Debug|Any CPU
		{EEBA6289-B20A-454A-862D-95A7361CA102}.Debug|Any CPU.Build.0 = Debug|Any CPU
		{EEBA6289-B20A-454A-862D-95A7361CA102}.Debug|x64.ActiveCfg = Debug|x64
		{EEBA6289-B20A-454A-862D-95A7361CA102}.Debug|x64.Build.0 = Debug|x64
		{EEBA6289-B20A-454A-862D-95A7361CA102}.Release|Any CPU.ActiveCfg = Release|Any CPU
		{EEBA6289-B20A-454A-862D-95A7361CA102}.Release|Any CPU.Build.0 = Release|Any CPU
		{EEBA6289-B20A-454A-862D-95A7361CA102}.Release|x64.ActiveCfg = Release|x64
		{EEBA6289-B20A-454A-862D-95A7361CA102}.Release|x64.Build.0 = Release|x64
	EndGlobalSection
	GlobalSection(SolutionProperties) = preSolution
		HideSolutionNode = FALSE
	EndGlobalSection
	GlobalSection(ExtensibilityGlobals) = postSolution
		SolutionGuid = {7C22C1A5-8C16-45E1-9C19-660DB5A764C3}
	EndGlobalSection
EndGlobal
