
Microsoft Visual Studio Solution File, Format Version 12.00
# Visual Studio Version 17
VisualStudioVersion = 17.6.33829.357
MinimumVisualStudioVersion = 10.0.40219.1
Project("{FAE04EC0-301F-11D3-BF4B-00C04F79EFBC}") = "Remindly", "Remindly\Remindly.csproj", "{06C5D82C-7C61-45B3-9B30-C6BEE11C1798}"
EndProject
Global
	GlobalSection(SolutionConfigurationPlatforms) = preSolution
		Debug|Any CPU = Debug|Any CPU
		Release|Any CPU = Release|Any CPU
	EndGlobalSection
	GlobalSection(ProjectConfigurationPlatforms) = postSolution
		{06C5D82C-7C61-45B3-9B30-C6BEE11C1798}.Debug|Any CPU.ActiveCfg = Debug|Any CPU
		{06C5D82C-7C61-45B3-9B30-C6BEE11C1798}.Debug|Any CPU.Build.0 = Debug|Any CPU
		{06C5D82C-7C61-45B3-9B30-C6BEE11C1798}.Release|Any CPU.ActiveCfg = Release|Any CPU
		{06C5D82C-7C61-45B3-9B30-C6BEE11C1798}.Release|Any CPU.Build.0 = Release|Any CPU
	EndGlobalSection
	GlobalSection(SolutionProperties) = preSolution
		HideSolutionNode = FALSE
	EndGlobalSection
	GlobalSection(ExtensibilityGlobals) = postSolution
		SolutionGuid = {83C44A3F-F68A-4ECF-B22B-49EFE0250ADA}
	EndGlobalSection
EndGlobal
