
Microsoft Visual Studio Solution File, Format Version 12.00
# Visual Studio Version 17
VisualStudioVersion = 17.6.33723.286
MinimumVisualStudioVersion = 10.0.40219.1
Project("{FAE04EC0-301F-11D3-BF4B-00C04F79EFBC}") = "CodingFinger", "CodingFinger\CodingFinger.csproj", "{5CA0D82F-6F0C-4FF9-977E-FC89AD1330D6}"
EndProject
Global
	GlobalSection(SolutionConfigurationPlatforms) = preSolution
		Debug|Any CPU = Debug|Any CPU
		Release|Any CPU = Release|Any CPU
	EndGlobalSection
	GlobalSection(ProjectConfigurationPlatforms) = postSolution
		{5CA0D82F-6F0C-4FF9-977E-FC89AD1330D6}.Debug|Any CPU.ActiveCfg = Debug|Any CPU
		{5CA0D82F-6F0C-4FF9-977E-FC89AD1330D6}.Debug|Any CPU.Build.0 = Debug|Any CPU
		{5CA0D82F-6F0C-4FF9-977E-FC89AD1330D6}.Release|Any CPU.ActiveCfg = Release|Any CPU
		{5CA0D82F-6F0C-4FF9-977E-FC89AD1330D6}.Release|Any CPU.Build.0 = Release|Any CPU
	EndGlobalSection
	GlobalSection(SolutionProperties) = preSolution
		HideSolutionNode = FALSE
	EndGlobalSection
	GlobalSection(ExtensibilityGlobals) = postSolution
		SolutionGuid = {C68DED92-98EE-49B1-AB35-4BC6E0A431E4}
	EndGlobalSection
EndGlobal
