
Microsoft Visual Studio Solution File, Format Version 12.00
# Visual Studio Version 17
VisualStudioVersion = 17.6.33723.286
MinimumVisualStudioVersion = 10.0.40219.1
Project("{FAE04EC0-301F-11D3-BF4B-00C04F79EFBC}") = "DataBinding", "DataBinding\DataBinding.csproj", "{398BF87A-F8B2-42AB-BE4E-E37BB5CC4FCA}"
EndProject
Global
	GlobalSection(SolutionConfigurationPlatforms) = preSolution
		Debug|Any CPU = Debug|Any CPU
		Release|Any CPU = Release|Any CPU
	EndGlobalSection
	GlobalSection(ProjectConfigurationPlatforms) = postSolution
		{398BF87A-F8B2-42AB-BE4E-E37BB5CC4FCA}.Debug|Any CPU.ActiveCfg = Debug|Any CPU
		{398BF87A-F8B2-42AB-BE4E-E37BB5CC4FCA}.Debug|Any CPU.Build.0 = Debug|Any CPU
		{398BF87A-F8B2-42AB-BE4E-E37BB5CC4FCA}.Release|Any CPU.ActiveCfg = Release|Any CPU
		{398BF87A-F8B2-42AB-BE4E-E37BB5CC4FCA}.Release|Any CPU.Build.0 = Release|Any CPU
	EndGlobalSection
	GlobalSection(SolutionProperties) = preSolution
		HideSolutionNode = FALSE
	EndGlobalSection
	GlobalSection(ExtensibilityGlobals) = postSolution
		SolutionGuid = {80D3C4E1-9646-4A5E-AF9E-3A97322EEBA7}
	EndGlobalSection
EndGlobal
